// !$*UTF8*$!
{
	archiveVersion = 1;
	classes = {
	};
	objectVersion = 55;
	objects = {

/* Begin PBXBuildFile section */
		CBC7475327828482000935A3 /* AppDelegate.swift in Sources */ = {isa = PBXBuildFile; fileRef = CBC7475227828482000935A3 /* AppDelegate.swift */; };
		CBC7475727828483000935A3 /* Assets.xcassets in Resources */ = {isa = PBXBuildFile; fileRef = CBC7475627828483000935A3 /* Assets.xcassets */; };
		CBC7475A27828483000935A3 /* Main.storyboard in Resources */ = {isa = PBXBuildFile; fileRef = CBC7475827828483000935A3 /* Main.storyboard */; };
		CBC74762278284A5000935A3 /* MetalGameView.swift in Sources */ = {isa = PBXBuildFile; fileRef = CBC74761278284A5000935A3 /* MetalGameView.swift */; };
		CBC74764278286B3000935A3 /* Basic.metal in Sources */ = {isa = PBXBuildFile; fileRef = CBC74763278286B3000935A3 /* Basic.metal */; };
		CBC7476B27828F10000935A3 /* StandardRenderer.swift in Sources */ = {isa = PBXBuildFile; fileRef = CBC7476A27828F10000935A3 /* StandardRenderer.swift */; };
		CBC7476E2782D46D000935A3 /* ServiceLocator.swift in Sources */ = {isa = PBXBuildFile; fileRef = CBC7476D2782D46D000935A3 /* ServiceLocator.swift */; };
		CBC747712782D5C2000935A3 /* Renderer.swift in Sources */ = {isa = PBXBuildFile; fileRef = CBC747702782D5C2000935A3 /* Renderer.swift */; };
		CBC747732782DAF9000935A3 /* NullRenderer.swift in Sources */ = {isa = PBXBuildFile; fileRef = CBC747722782DAF9000935A3 /* NullRenderer.swift */; };
		CBEC0C6E278BF17100777FD3 /* Input Controller.swift in Sources */ = {isa = PBXBuildFile; fileRef = CBEC0C6D278BF17100777FD3 /* Input Controller.swift */; };
		CBEC0C74278BFC1600777FD3 /* Keyboard Control.swift in Sources */ = {isa = PBXBuildFile; fileRef = CBEC0C73278BFC1600777FD3 /* Keyboard Control.swift */; };
		CBEC0C76278BFE6400777FD3 /* Null Input Controller.swift in Sources */ = {isa = PBXBuildFile; fileRef = CBEC0C75278BFE6400777FD3 /* Null Input Controller.swift */; };
		CBEC0C78278BFE9D00777FD3 /* Standard Input Controller.swift in Sources */ = {isa = PBXBuildFile; fileRef = CBEC0C77278BFE9D00777FD3 /* Standard Input Controller.swift */; };
		CBEC0C7B278C01F600777FD3 /* Input State.swift in Sources */ = {isa = PBXBuildFile; fileRef = CBEC0C7A278C01F600777FD3 /* Input State.swift */; };
		CBEC0C7D278C034F00777FD3 /* Debug Input Controller.swift in Sources */ = {isa = PBXBuildFile; fileRef = CBEC0C7C278C034F00777FD3 /* Debug Input Controller.swift */; };
/* End PBXBuildFile section */

/* Begin PBXFileReference section */
		CB4313032786DA960095977A /* Common.h */ = {isa = PBXFileReference; lastKnownFileType = sourcecode.c.h; path = Common.h; sourceTree = "<group>"; usesTabs = 0; };
		CBC7474F27828482000935A3 /* CrimsonGameEngine.app */ = {isa = PBXFileReference; explicitFileType = wrapper.application; includeInIndex = 0; path = CrimsonGameEngine.app; sourceTree = BUILT_PRODUCTS_DIR; };
		CBC7475227828482000935A3 /* AppDelegate.swift */ = {isa = PBXFileReference; lastKnownFileType = sourcecode.swift; path = AppDelegate.swift; sourceTree = "<group>"; };
		CBC7475627828483000935A3 /* Assets.xcassets */ = {isa = PBXFileReference; lastKnownFileType = folder.assetcatalog; path = Assets.xcassets; sourceTree = "<group>"; };
		CBC7475927828483000935A3 /* Base */ = {isa = PBXFileReference; lastKnownFileType = file.storyboard; name = Base; path = Base.lproj/Main.storyboard; sourceTree = "<group>"; };
		CBC7475B27828483000935A3 /* CrimsonGameEngine.entitlements */ = {isa = PBXFileReference; lastKnownFileType = text.plist.entitlements; path = CrimsonGameEngine.entitlements; sourceTree = "<group>"; };
		CBC74761278284A5000935A3 /* MetalGameView.swift */ = {isa = PBXFileReference; lastKnownFileType = sourcecode.swift; path = MetalGameView.swift; sourceTree = "<group>"; };
		CBC74763278286B3000935A3 /* Basic.metal */ = {isa = PBXFileReference; lastKnownFileType = sourcecode.metal; path = Basic.metal; sourceTree = "<group>"; };
		CBC7476A27828F10000935A3 /* StandardRenderer.swift */ = {isa = PBXFileReference; lastKnownFileType = sourcecode.swift; path = StandardRenderer.swift; sourceTree = "<group>"; };
		CBC7476D2782D46D000935A3 /* ServiceLocator.swift */ = {isa = PBXFileReference; lastKnownFileType = sourcecode.swift; path = ServiceLocator.swift; sourceTree = "<group>"; };
		CBC747702782D5C2000935A3 /* Renderer.swift */ = {isa = PBXFileReference; lastKnownFileType = sourcecode.swift; path = Renderer.swift; sourceTree = "<group>"; };
		CBC747722782DAF9000935A3 /* NullRenderer.swift */ = {isa = PBXFileReference; lastKnownFileType = sourcecode.swift; path = NullRenderer.swift; sourceTree = "<group>"; };
		CBEC0C6D278BF17100777FD3 /* Input Controller.swift */ = {isa = PBXFileReference; lastKnownFileType = sourcecode.swift; path = "Input Controller.swift"; sourceTree = "<group>"; };
		CBEC0C73278BFC1600777FD3 /* Keyboard Control.swift */ = {isa = PBXFileReference; lastKnownFileType = sourcecode.swift; path = "Keyboard Control.swift"; sourceTree = "<group>"; };
		CBEC0C75278BFE6400777FD3 /* Null Input Controller.swift */ = {isa = PBXFileReference; lastKnownFileType = sourcecode.swift; path = "Null Input Controller.swift"; sourceTree = "<group>"; };
		CBEC0C77278BFE9D00777FD3 /* Standard Input Controller.swift */ = {isa = PBXFileReference; lastKnownFileType = sourcecode.swift; path = "Standard Input Controller.swift"; sourceTree = "<group>"; };
		CBEC0C7A278C01F600777FD3 /* Input State.swift */ = {isa = PBXFileReference; lastKnownFileType = sourcecode.swift; path = "Input State.swift"; sourceTree = "<group>"; };
		CBEC0C7C278C034F00777FD3 /* Debug Input Controller.swift */ = {isa = PBXFileReference; lastKnownFileType = sourcecode.swift; path = "Debug Input Controller.swift"; sourceTree = "<group>"; };
/* End PBXFileReference section */

/* Begin PBXFrameworksBuildPhase section */
		CBC7474C27828482000935A3 /* Frameworks */ = {
			isa = PBXFrameworksBuildPhase;
			buildActionMask = 2147483647;
			files = (
			);
			runOnlyForDeploymentPostprocessing = 0;
		};
/* End PBXFrameworksBuildPhase section */

/* Begin PBXGroup section */
		CBC7474627828482000935A3 = {
			isa = PBXGroup;
			children = (
				CBC7475127828482000935A3 /* CrimsonGameEngine */,
				CBC7475027828482000935A3 /* Products */,
			);
			sourceTree = "<group>";
		};
		CBC7475027828482000935A3 /* Products */ = {
			isa = PBXGroup;
			children = (
				CBC7474F27828482000935A3 /* CrimsonGameEngine.app */,
			);
			name = Products;
			sourceTree = "<group>";
		};
		CBC7475127828482000935A3 /* CrimsonGameEngine */ = {
			isa = PBXGroup;
			children = (
				CBC7476827828E70000935A3 /* Application */,
				CBC7476527828E4F000935A3 /* Assets */,
				CBC7476C2782D461000935A3 /* Services */,
			);
			path = CrimsonGameEngine;
			sourceTree = "<group>";
		};
		CBC7476527828E4F000935A3 /* Assets */ = {
			isa = PBXGroup;
			children = (
				CBC7475627828483000935A3 /* Assets.xcassets */,
			);
			path = Assets;
			sourceTree = "<group>";
		};
		CBC7476627828E59000935A3 /* Renderer */ = {
			isa = PBXGroup;
			children = (
				CBC747702782D5C2000935A3 /* Renderer.swift */,
				CBC7476F2782D4D8000935A3 /* Service Providers */,
				CBC7476727828E63000935A3 /* Shaders */,
			);
			path = Renderer;
			sourceTree = "<group>";
		};
		CBC7476727828E63000935A3 /* Shaders */ = {
			isa = PBXGroup;
			children = (
				CBC74763278286B3000935A3 /* Basic.metal */,
			);
			path = Shaders;
			sourceTree = "<group>";
		};
		CBC7476827828E70000935A3 /* Application */ = {
			isa = PBXGroup;
			children = (
				CB4313032786DA960095977A /* Common.h */,
				CBC7475227828482000935A3 /* AppDelegate.swift */,
				CBC74761278284A5000935A3 /* MetalGameView.swift */,
				CBC7476927828E7E000935A3 /* macOS */,
			);
			path = Application;
			sourceTree = "<group>";
		};
		CBC7476927828E7E000935A3 /* macOS */ = {
			isa = PBXGroup;
			children = (
				CBC7475827828483000935A3 /* Main.storyboard */,
				CBC7475B27828483000935A3 /* CrimsonGameEngine.entitlements */,
			);
			path = macOS;
			sourceTree = "<group>";
		};
		CBC7476C2782D461000935A3 /* Services */ = {
			isa = PBXGroup;
			children = (
				CBC7476D2782D46D000935A3 /* ServiceLocator.swift */,
				CBC7476627828E59000935A3 /* Renderer */,
				CBEC0C6C278BF0F400777FD3 /* Input Controller */,
			);
			path = Services;
			sourceTree = "<group>";
		};
		CBC7476F2782D4D8000935A3 /* Service Providers */ = {
			isa = PBXGroup;
			children = (
				CBC747722782DAF9000935A3 /* NullRenderer.swift */,
				CBC7476A27828F10000935A3 /* StandardRenderer.swift */,
			);
			path = "Service Providers";
			sourceTree = "<group>";
		};
		CBEC0C6C278BF0F400777FD3 /* Input Controller */ = {
			isa = PBXGroup;
			children = (
				CBEC0C6D278BF17100777FD3 /* Input Controller.swift */,
				CBEC0C71278BFBDD00777FD3 /* Service Providers */,
				CBEC0C72278BFBF300777FD3 /* Utility */,
			);
			path = "Input Controller";
			sourceTree = "<group>";
		};
		CBEC0C71278BFBDD00777FD3 /* Service Providers */ = {
			isa = PBXGroup;
			children = (
				CBEC0C75278BFE6400777FD3 /* Null Input Controller.swift */,
				CBEC0C77278BFE9D00777FD3 /* Standard Input Controller.swift */,
				CBEC0C7C278C034F00777FD3 /* Debug Input Controller.swift */,
			);
			path = "Service Providers";
			sourceTree = "<group>";
		};
		CBEC0C72278BFBF300777FD3 /* Utility */ = {
			isa = PBXGroup;
			children = (
				CBEC0C73278BFC1600777FD3 /* Keyboard Control.swift */,
				CBEC0C7A278C01F600777FD3 /* Input State.swift */,
			);
			path = Utility;
			sourceTree = "<group>";
		};
/* End PBXGroup section */

/* Begin PBXNativeTarget section */
		CBC7474E27828482000935A3 /* CrimsonGameEngine */ = {
			isa = PBXNativeTarget;
			buildConfigurationList = CBC7475E27828483000935A3 /* Build configuration list for PBXNativeTarget "CrimsonGameEngine" */;
			buildPhases = (
				CBC7474B27828482000935A3 /* Sources */,
				CBC7474C27828482000935A3 /* Frameworks */,
				CBC7474D27828482000935A3 /* Resources */,
			);
			buildRules = (
			);
			dependencies = (
			);
			name = CrimsonGameEngine;
			productName = CrimsonGameEngine;
			productReference = CBC7474F27828482000935A3 /* CrimsonGameEngine.app */;
			productType = "com.apple.product-type.application";
		};
/* End PBXNativeTarget section */

/* Begin PBXProject section */
		CBC7474727828482000935A3 /* Project object */ = {
			isa = PBXProject;
			attributes = {
				BuildIndependentTargetsInParallel = 1;
				LastSwiftUpdateCheck = 1320;
				LastUpgradeCheck = 1320;
				TargetAttributes = {
					CBC7474E27828482000935A3 = {
						CreatedOnToolsVersion = 13.2.1;
					};
				};
			};
			buildConfigurationList = CBC7474A27828482000935A3 /* Build configuration list for PBXProject "CrimsonGameEngine" */;
			compatibilityVersion = "Xcode 13.0";
			developmentRegion = en;
			hasScannedForEncodings = 0;
			knownRegions = (
				en,
				Base,
			);
			mainGroup = CBC7474627828482000935A3;
			productRefGroup = CBC7475027828482000935A3 /* Products */;
			projectDirPath = "";
			projectRoot = "";
			targets = (
				CBC7474E27828482000935A3 /* CrimsonGameEngine */,
			);
		};
/* End PBXProject section */

/* Begin PBXResourcesBuildPhase section */
		CBC7474D27828482000935A3 /* Resources */ = {
			isa = PBXResourcesBuildPhase;
			buildActionMask = 2147483647;
			files = (
				CBC7475727828483000935A3 /* Assets.xcassets in Resources */,
				CBC7475A27828483000935A3 /* Main.storyboard in Resources */,
			);
			runOnlyForDeploymentPostprocessing = 0;
		};
/* End PBXResourcesBuildPhase section */

/* Begin PBXSourcesBuildPhase section */
		CBC7474B27828482000935A3 /* Sources */ = {
			isa = PBXSourcesBuildPhase;
			buildActionMask = 2147483647;
			files = (
				CBC7476B27828F10000935A3 /* StandardRenderer.swift in Sources */,
				CBEC0C74278BFC1600777FD3 /* Keyboard Control.swift in Sources */,
				CBC7476E2782D46D000935A3 /* ServiceLocator.swift in Sources */,
				CBEC0C78278BFE9D00777FD3 /* Standard Input Controller.swift in Sources */,
				CBEC0C7D278C034F00777FD3 /* Debug Input Controller.swift in Sources */,
				CBC74762278284A5000935A3 /* MetalGameView.swift in Sources */,
				CBEC0C7B278C01F600777FD3 /* Input State.swift in Sources */,
				CBEC0C76278BFE6400777FD3 /* Null Input Controller.swift in Sources */,
				CBC747732782DAF9000935A3 /* NullRenderer.swift in Sources */,
				CBEC0C6E278BF17100777FD3 /* Input Controller.swift in Sources */,
				CBC7475327828482000935A3 /* AppDelegate.swift in Sources */,
				CBC747712782D5C2000935A3 /* Renderer.swift in Sources */,
				CBC74764278286B3000935A3 /* Basic.metal in Sources */,
			);
			runOnlyForDeploymentPostprocessing = 0;
		};
/* End PBXSourcesBuildPhase section */

/* Begin PBXVariantGroup section */
		CBC7475827828483000935A3 /* Main.storyboard */ = {
			isa = PBXVariantGroup;
			children = (
				CBC7475927828483000935A3 /* Base */,
			);
			name = Main.storyboard;
			sourceTree = "<group>";
		};
/* End PBXVariantGroup section */

/* Begin XCBuildConfiguration section */
		CBC7475C27828483000935A3 /* Debug */ = {
			isa = XCBuildConfiguration;
			buildSettings = {
				ALWAYS_SEARCH_USER_PATHS = NO;
				CLANG_ANALYZER_NONNULL = YES;
				CLANG_ANALYZER_NUMBER_OBJECT_CONVERSION = YES_AGGRESSIVE;
				CLANG_CXX_LANGUAGE_STANDARD = "gnu++17";
				CLANG_CXX_LIBRARY = "libc++";
				CLANG_ENABLE_MODULES = YES;
				CLANG_ENABLE_OBJC_ARC = YES;
				CLANG_ENABLE_OBJC_WEAK = YES;
				CLANG_WARN_BLOCK_CAPTURE_AUTORELEASING = YES;
				CLANG_WARN_BOOL_CONVERSION = YES;
				CLANG_WARN_COMMA = YES;
				CLANG_WARN_CONSTANT_CONVERSION = YES;
				CLANG_WARN_DEPRECATED_OBJC_IMPLEMENTATIONS = YES;
				CLANG_WARN_DIRECT_OBJC_ISA_USAGE = YES_ERROR;
				CLANG_WARN_DOCUMENTATION_COMMENTS = YES;
				CLANG_WARN_EMPTY_BODY = YES;
				CLANG_WARN_ENUM_CONVERSION = YES;
				CLANG_WARN_INFINITE_RECURSION = YES;
				CLANG_WARN_INT_CONVERSION = YES;
				CLANG_WARN_NON_LITERAL_NULL_CONVERSION = YES;
				CLANG_WARN_OBJC_IMPLICIT_RETAIN_SELF = YES;
				CLANG_WARN_OBJC_LITERAL_CONVERSION = YES;
				CLANG_WARN_OBJC_ROOT_CLASS = YES_ERROR;
				CLANG_WARN_QUOTED_INCLUDE_IN_FRAMEWORK_HEADER = YES;
				CLANG_WARN_RANGE_LOOP_ANALYSIS = YES;
				CLANG_WARN_STRICT_PROTOTYPES = YES;
				CLANG_WARN_SUSPICIOUS_MOVE = YES;
				CLANG_WARN_UNGUARDED_AVAILABILITY = YES_AGGRESSIVE;
				CLANG_WARN_UNREACHABLE_CODE = YES;
				CLANG_WARN__DUPLICATE_METHOD_MATCH = YES;
				COPY_PHASE_STRIP = NO;
				DEBUG_INFORMATION_FORMAT = dwarf;
				ENABLE_STRICT_OBJC_MSGSEND = YES;
				ENABLE_TESTABILITY = YES;
				GCC_C_LANGUAGE_STANDARD = gnu11;
				GCC_DYNAMIC_NO_PIC = NO;
				GCC_NO_COMMON_BLOCKS = YES;
				GCC_OPTIMIZATION_LEVEL = 0;
				GCC_PREPROCESSOR_DEFINITIONS = (
					"DEBUG=1",
					"$(inherited)",
				);
				GCC_WARN_64_TO_32_BIT_CONVERSION = YES;
				GCC_WARN_ABOUT_RETURN_TYPE = YES_ERROR;
				GCC_WARN_UNDECLARED_SELECTOR = YES;
				GCC_WARN_UNINITIALIZED_AUTOS = YES_AGGRESSIVE;
				GCC_WARN_UNUSED_FUNCTION = YES;
				GCC_WARN_UNUSED_VARIABLE = YES;
				MACOSX_DEPLOYMENT_TARGET = 12.1;
				MTL_ENABLE_DEBUG_INFO = INCLUDE_SOURCE;
				MTL_FAST_MATH = YES;
				ONLY_ACTIVE_ARCH = YES;
				SDKROOT = macosx;
				SWIFT_ACTIVE_COMPILATION_CONDITIONS = DEBUG;
				SWIFT_OBJC_BRIDGING_HEADER = CrimsonGameEngine/Application/Common.h;
				SWIFT_OPTIMIZATION_LEVEL = "-Onone";
			};
			name = Debug;
		};
		CBC7475D27828483000935A3 /* Release */ = {
			isa = XCBuildConfiguration;
			buildSettings = {
				ALWAYS_SEARCH_USER_PATHS = NO;
				CLANG_ANALYZER_NONNULL = YES;
				CLANG_ANALYZER_NUMBER_OBJECT_CONVERSION = YES_AGGRESSIVE;
				CLANG_CXX_LANGUAGE_STANDARD = "gnu++17";
				CLANG_CXX_LIBRARY = "libc++";
				CLANG_ENABLE_MODULES = YES;
				CLANG_ENABLE_OBJC_ARC = YES;
				CLANG_ENABLE_OBJC_WEAK = YES;
				CLANG_WARN_BLOCK_CAPTURE_AUTORELEASING = YES;
				CLANG_WARN_BOOL_CONVERSION = YES;
				CLANG_WARN_COMMA = YES;
				CLANG_WARN_CONSTANT_CONVERSION = YES;
				CLANG_WARN_DEPRECATED_OBJC_IMPLEMENTATIONS = YES;
				CLANG_WARN_DIRECT_OBJC_ISA_USAGE = YES_ERROR;
				CLANG_WARN_DOCUMENTATION_COMMENTS = YES;
				CLANG_WARN_EMPTY_BODY = YES;
				CLANG_WARN_ENUM_CONVERSION = YES;
				CLANG_WARN_INFINITE_RECURSION = YES;
				CLANG_WARN_INT_CONVERSION = YES;
				CLANG_WARN_NON_LITERAL_NULL_CONVERSION = YES;
				CLANG_WARN_OBJC_IMPLICIT_RETAIN_SELF = YES;
				CLANG_WARN_OBJC_LITERAL_CONVERSION = YES;
				CLANG_WARN_OBJC_ROOT_CLASS = YES_ERROR;
				CLANG_WARN_QUOTED_INCLUDE_IN_FRAMEWORK_HEADER = YES;
				CLANG_WARN_RANGE_LOOP_ANALYSIS = YES;
				CLANG_WARN_STRICT_PROTOTYPES = YES;
				CLANG_WARN_SUSPICIOUS_MOVE = YES;
				CLANG_WARN_UNGUARDED_AVAILABILITY = YES_AGGRESSIVE;
				CLANG_WARN_UNREACHABLE_CODE = YES;
				CLANG_WARN__DUPLICATE_METHOD_MATCH = YES;
				COPY_PHASE_STRIP = NO;
				DEBUG_INFORMATION_FORMAT = "dwarf-with-dsym";
				ENABLE_NS_ASSERTIONS = NO;
				ENABLE_STRICT_OBJC_MSGSEND = YES;
				GCC_C_LANGUAGE_STANDARD = gnu11;
				GCC_NO_COMMON_BLOCKS = YES;
				GCC_WARN_64_TO_32_BIT_CONVERSION = YES;
				GCC_WARN_ABOUT_RETURN_TYPE = YES_ERROR;
				GCC_WARN_UNDECLARED_SELECTOR = YES;
				GCC_WARN_UNINITIALIZED_AUTOS = YES_AGGRESSIVE;
				GCC_WARN_UNUSED_FUNCTION = YES;
				GCC_WARN_UNUSED_VARIABLE = YES;
				MACOSX_DEPLOYMENT_TARGET = 12.1;
				MTL_ENABLE_DEBUG_INFO = NO;
				MTL_FAST_MATH = YES;
				SDKROOT = macosx;
				SWIFT_COMPILATION_MODE = wholemodule;
				SWIFT_OBJC_BRIDGING_HEADER = CrimsonGameEngine/Application/Common.h;
				SWIFT_OPTIMIZATION_LEVEL = "-O";
			};
			name = Release;
		};
		CBC7475F27828483000935A3 /* Debug */ = {
			isa = XCBuildConfiguration;
			buildSettings = {
				APPLY_RULES_IN_COPY_HEADERS = YES;
				ASSETCATALOG_COMPILER_APPICON_NAME = AppIcon;
				ASSETCATALOG_COMPILER_GLOBAL_ACCENT_COLOR_NAME = AccentColor;
				CLANG_ALLOW_NON_MODULAR_INCLUDES_IN_FRAMEWORK_MODULES = NO;
				CODE_SIGN_ENTITLEMENTS = CrimsonGameEngine/Application/macOS/CrimsonGameEngine.entitlements;
				CODE_SIGN_STYLE = Automatic;
				COMBINE_HIDPI_IMAGES = YES;
				CURRENT_PROJECT_VERSION = 1;
				DEVELOPMENT_TEAM = 974VNYM3V8;
				ENABLE_HARDENED_RUNTIME = YES;
				GCC_PRECOMPILE_PREFIX_HEADER = NO;
				GENERATE_INFOPLIST_FILE = YES;
				INFOPLIST_KEY_NSHumanReadableCopyright = "";
				INFOPLIST_KEY_NSMainStoryboardFile = Main;
				INFOPLIST_KEY_NSPrincipalClass = NSApplication;
				LD_RUNPATH_SEARCH_PATHS = (
					"$(inherited)",
					"@executable_path/../Frameworks",
				);
				MARKETING_VERSION = 1.0;
				MTL_ENABLE_MODULES = NO;
				PRODUCT_BUNDLE_IDENTIFIER = dev.CrimsonGameEngine;
				PRODUCT_NAME = "$(TARGET_NAME)";
				SWIFT_EMIT_LOC_STRINGS = YES;
				SWIFT_VERSION = 5.0;
			};
			name = Debug;
		};
		CBC7476027828483000935A3 /* Release */ = {
			isa = XCBuildConfiguration;
			buildSettings = {
				APPLY_RULES_IN_COPY_HEADERS = YES;
				ASSETCATALOG_COMPILER_APPICON_NAME = AppIcon;
				ASSETCATALOG_COMPILER_GLOBAL_ACCENT_COLOR_NAME = AccentColor;
				CLANG_ALLOW_NON_MODULAR_INCLUDES_IN_FRAMEWORK_MODULES = NO;
				CODE_SIGN_ENTITLEMENTS = CrimsonGameEngine/Application/macOS/CrimsonGameEngine.entitlements;
				CODE_SIGN_STYLE = Automatic;
				COMBINE_HIDPI_IMAGES = YES;
				CURRENT_PROJECT_VERSION = 1;
				DEVELOPMENT_TEAM = 974VNYM3V8;
				ENABLE_HARDENED_RUNTIME = YES;
				GCC_PRECOMPILE_PREFIX_HEADER = NO;
				GENERATE_INFOPLIST_FILE = YES;
				INFOPLIST_KEY_NSHumanReadableCopyright = "";
				INFOPLIST_KEY_NSMainStoryboardFile = Main;
				INFOPLIST_KEY_NSPrincipalClass = NSApplication;
				LD_RUNPATH_SEARCH_PATHS = (
					"$(inherited)",
					"@executable_path/../Frameworks",
				);
				MARKETING_VERSION = 1.0;
				MTL_ENABLE_MODULES = NO;
				PRODUCT_BUNDLE_IDENTIFIER = dev.CrimsonGameEngine;
				PRODUCT_NAME = "$(TARGET_NAME)";
				SWIFT_EMIT_LOC_STRINGS = YES;
				SWIFT_VERSION = 5.0;
			};
			name = Release;
		};
/* End XCBuildConfiguration section */

/* Begin XCConfigurationList section */
		CBC7474A27828482000935A3 /* Build configuration list for PBXProject "CrimsonGameEngine" */ = {
			isa = XCConfigurationList;
			buildConfigurations = (
				CBC7475C27828483000935A3 /* Debug */,
				CBC7475D27828483000935A3 /* Release */,
			);
			defaultConfigurationIsVisible = 0;
			defaultConfigurationName = Release;
		};
		CBC7475E27828483000935A3 /* Build configuration list for PBXNativeTarget "CrimsonGameEngine" */ = {
			isa = XCConfigurationList;
			buildConfigurations = (
				CBC7475F27828483000935A3 /* Debug */,
				CBC7476027828483000935A3 /* Release */,
			);
			defaultConfigurationIsVisible = 0;
			defaultConfigurationName = Release;
		};
/* End XCConfigurationList section */
	};
	rootObject = CBC7474727828482000935A3 /* Project object */;
}
